
Microsoft Visual Studio Solution File, Format Version 12.00
# Visual Studio 15
VisualStudioVersion = 15.0.28010.2041
MinimumVisualStudioVersion = 10.0.40219.1
Project("{FAE04EC0-301F-11D3-BF4B-00C04F79EFBC}") = "sweepstakes", "sweepstakes\sweepstakes.csproj", "{5DD44570-857F-47F1-9582-FEE226EBE66A}"
EndProject
Global
	GlobalSection(SolutionConfigurationPlatforms) = preSolution
		Debug|Any CPU = Debug|Any CPU
		Release|Any CPU = Release|Any CPU
	EndGlobalSection
	GlobalSection(ProjectConfigurationPlatforms) = postSolution
		{5DD44570-857F-47F1-9582-FEE226EBE66A}.Debug|Any CPU.ActiveCfg = Debug|Any CPU
		{5DD44570-857F-47F1-9582-FEE226EBE66A}.Debug|Any CPU.Build.0 = Debug|Any CPU
		{5DD44570-857F-47F1-9582-FEE226EBE66A}.Release|Any CPU.ActiveCfg = Release|Any CPU
		{5DD44570-857F-47F1-9582-FEE226EBE66A}.Release|Any CPU.Build.0 = Release|Any CPU
	EndGlobalSection
	GlobalSection(SolutionProperties) = preSolution
		HideSolutionNode = FALSE
	EndGlobalSection
	GlobalSection(ExtensibilityGlobals) = postSolution
		SolutionGuid = {03F0D1EF-AB60-4D77-B2FC-2811DFCDEA8C}
	EndGlobalSection
EndGlobal
